<?xml version="1.0" encoding="utf-8"?>
<Project ToolsVersion="4.0" xmlns="http://schemas.microsoft.com/developer/msbuild/2003">
  <ItemGroup>
    <ClCompile Include="Src\Application\Application.cpp" />
    <ClCompile Include="Src\Common\Vector2.cpp" />
    <ClCompile Include="Src\main.cpp" />
    <ClCompile Include="Src\Manager\Camera\InstantCamera.cpp" />
    <ClCompile Include="Src\Manager\Font\FontManager.cpp" />
    <ClCompile Include="Src\Manager\Input\InputTextManager.cpp" />
    <ClCompile Include="Src\Object\Common\AnimationController\AnimationController.cpp" />
    <ClCompile Include="Src\Manager\Camera\Camera.cpp" />
    <ClCompile Include="Src\Manager\Collision\CollisionManager.cpp" />
    <ClCompile Include="Src\Manager\FPS\FPS.cpp" />
    <ClCompile Include="Src\Manager\Input\KeyManager.cpp" />
    <ClCompile Include="Src\Manager\Loading\Loading.cpp" />
    <ClCompile Include="Src\Manager\Sound\SoundManager.cpp" />
    <ClCompile Include="Src\Object\ActorBase.cpp" />
    <ClCompile Include="Src\Object\Common\DataLoad\ParameterLoad.cpp" />
    <ClCompile Include="Src\Scene\Clear\ClearScene.cpp" />
    <ClCompile Include="Src\Scene\Common\Fade\FadeInScene.cpp" />
    <ClCompile Include="Src\Scene\Common\Fade\FadeOutScene.cpp" />
    <ClCompile Include="Src\Scene\Game\GameScene.cpp" />
    <ClCompile Include="Src\Scene\Game\Pause\GamePause.cpp" />
    <ClCompile Include="Src\Scene\SceneManager\SceneManager.cpp" />
    <ClCompile Include="Src\Scene\Title\End\EndScene.cpp" />
    <ClCompile Include="Src\Scene\Title\TitleScene.cpp" />
    <ClCompile Include="Src\Object\Character\CharacterBase.cpp" />
    <ClCompile Include="Src\Common\Vector3.cpp" />
    <ClCompile Include="Src\Manager\Net\NetWorkManager.cpp" />
    <ClCompile Include="Src\Manager\Net\HostAddressProvider\HostAddressProvider.cpp" />
    <ClCompile Include="Src\Manager\Net\Enet\callbacks.c" />
    <ClCompile Include="Src\Manager\Net\Enet\compress.c" />
    <ClCompile Include="Src\Manager\Net\Enet\host.c" />
    <ClCompile Include="Src\Manager\Net\Enet\list.c" />
    <ClCompile Include="Src\Manager\Net\Enet\packet.c" />
    <ClCompile Include="Src\Manager\Net\Enet\peer.c" />
    <ClCompile Include="Src\Manager\Net\Enet\protocol.c" />
    <ClCompile Include="Src\Manager\Net\Enet\win32.c" />
    <ClCompile Include="Src\Manager\Effect\EffectManager.cpp" />
    <ClCompile Include="Src\Manager\Effect\TackleMove\EffectTackleMove.cpp" />
    <ClCompile Include="Src\Object\Stage\Stage.cpp" />
    <ClCompile Include="Src\Object\Stage\StageTutrial\StageTutrial.cpp" />
    <ClCompile Include="Src\Object\Character\Jazz\Jazz.cpp" />
  </ItemGroup>
  <ItemGroup>
    <ClInclude Include="Src\Application\Application.h" />
    <ClInclude Include="Src\Common\Vector2.h" />
    <ClInclude Include="Src\Common\Vector3.h" />
    <ClInclude Include="Src\Manager\Camera\InstantCamera.h" />
    <ClInclude Include="Src\Manager\Font\FontManager.h" />
    <ClInclude Include="Src\Manager\Input\InputTextManager.h" />
    <ClInclude Include="Src\Object\Common\AnimationController\AnimationController.h" />
    <ClInclude Include="Src\Manager\Camera\Camera.h" />
    <ClInclude Include="Src\Manager\Collision\CollisionManager.h" />
    <ClInclude Include="Src\Manager\FPS\FPS.h" />
    <ClInclude Include="Src\Manager\Input\KeyManager.h" />
    <ClInclude Include="Src\Manager\Loading\Loading.h" />
    <ClInclude Include="Src\Manager\Sound\SoundManager.h" />
    <ClInclude Include="Src\Object\ActorBase.h" />
    <ClInclude Include="Src\Object\Common\Collider\BoxCollider.h" />
    <ClInclude Include="Src\Object\Common\Collider\ColliderBase.h" />
    <ClInclude Include="Src\Object\Common\Collider\CapsuleCollider.h" />
    <ClInclude Include="Src\Object\Common\Collider\LineCollider.h" />
    <ClInclude Include="Src\Object\Common\Collider\ModelCollider.h" />
    <ClInclude Include="Src\Object\Common\Collider\SphereCollider.h" />
    <ClInclude Include="Src\Object\Common\DataLoad\ParameterLoad.h" />
    <ClInclude Include="Src\Object\Common\DebugObject\BoxDebugObject.h" />
    <ClInclude Include="Src\Object\Common\Transform.h" />
    <ClInclude Include="Src\Scene\Clear\ClearScene.h" />
    <ClInclude Include="Src\Scene\Common\Fade\FadeInScene.h" />
    <ClInclude Include="Src\Scene\Common\Fade\FadeOutScene.h" />
    <ClInclude Include="Src\Scene\Game\GameScene.h" />
    <ClInclude Include="Src\Scene\Common\GameDebugScene.h" />
    <ClInclude Include="Src\Scene\Game\Pause\GamePauseh.h" />
    <ClInclude Include="Src\Scene\SceneBase.h" />
    <ClInclude Include="Src\Scene\SceneManager\SceneManager.h" />
    <ClInclude Include="Src\Scene\Title\End\EndScene.h" />
    <ClInclude Include="Src\Scene\Title\TitleScene.h" />
    <ClInclude Include="Src\Utility\Utility.h" />
    <ClCompile Include="Src\Application\Application.cpp">
      <Filter>ソース ファイル</Filter>
    </ClCompile>
    <ClCompile Include="Src\Object\Common\AnimationController\AnimationController.cpp">
      <Filter>ソース ファイル</Filter>
    </ClCompile>
    <ClCompile Include="Src\Manager\Camera\Camera.cpp">
      <Filter>ソース ファイル</Filter>
    </ClCompile>
    <ClCompile Include="Src\Manager\FPS\FPS.cpp">
      <Filter>ソース ファイル</Filter>
    </ClCompile>
    <ClCompile Include="Src\Manager\Input\KeyManager.cpp">
      <Filter>ソース ファイル</Filter>
    </ClCompile>
    <ClCompile Include="Src\Manager\Loading\Loading.cpp">
      <Filter>ソース ファイル</Filter>
    </ClCompile>
    <ClCompile Include="Src\Manager\Sound\SoundManager.cpp">
      <Filter>ソース ファイル</Filter>
    </ClCompile>
    <ClCompile Include="Src\Scene\Game\GameScene.cpp">
      <Filter>ソース ファイル</Filter>
    </ClCompile>
    <ClCompile Include="Src\Scene\SceneManager\SceneManager.cpp">
      <Filter>ソース ファイル</Filter>
    </ClCompile>
    <ClCompile Include="Src\Scene\Title\TitleScene.cpp">
      <Filter>ソース ファイル</Filter>
    </ClCompile>
    <ClCompile Include="Src\main.cpp">
      <Filter>ソース ファイル</Filter>
    </ClCompile>
    <ClCompile Include="Src\Scene\Title\End\EndScene.cpp">
      <Filter>ソース ファイル</Filter>
    </ClCompile>
    <ClCompile Include="Src\Scene\Clear\ClearScene.cpp">
      <Filter>ソース ファイル</Filter>
    </ClCompile>
    <ClCompile Include="Src\Scene\Game\Pause\GamePause.cpp">
      <Filter>ソース ファイル</Filter>
    </ClCompile>
    <ClCompile Include="Src\Object\ActorBase.cpp">
      <Filter>ソース ファイル</Filter>
    </ClCompile>
    <ClCompile Include="Src\Manager\Collision\CollisionManager.cpp">
      <Filter>ソース ファイル</Filter>
    </ClCompile>
    <ClCompile Include="Src\Common\Vector2.cpp">
      <Filter>ソース ファイル</Filter>
    </ClCompile>
    <ClCompile Include="Src\Manager\Camera\InstantCamera.cpp">
      <Filter>ソース ファイル</Filter>
    </ClCompile>
    <ClCompile Include="Src\Manager\Input\InputTextManager.cpp">
      <Filter>ソース ファイル</Filter>
    </ClCompile>
    <ClCompile Include="Src\Manager\Font\FontManager.cpp">
      <Filter>ソース ファイル</Filter>
    </ClCompile>
    <ClCompile Include="Src\Scene\Common\Fade\FadeInScene.cpp">
      <Filter>ソース ファイル</Filter>
    </ClCompile>
    <ClCompile Include="Src\Scene\Common\Fade\FadeOutScene.cpp">
      <Filter>ソース ファイル</Filter>
    </ClCompile>
    <ClCompile Include="Src\Object\Common\DataLoad\ParameterLoad.cpp">
      <Filter>ソース ファイル</Filter>
    </ClCompile>
    <ClInclude Include="Src\Object\Common\Collider\ColliderTagDefine.h" />
    <ClInclude Include="Src\Object\Character\CharacterStateBase.h" />
    <ClInclude Include="Src\Object\Character\CharacterStatsDefine.h" />
    <ClInclude Include="Src\Object\Character\CharacterBase.h" />
    <ClInclude Include="Src\Object\Common\Collider\XZCircleCollider.h" />
    <ClInclude Include="Src\Manager\Net\NetWorkDefine.h" />
    <ClInclude Include="Src\Manager\Net\NetWorkManager.h" />
    <ClInclude Include="Src\Manager\Net\HostAddressProvider\HostAddressProvider.h" />
    <ClInclude Include="Src\pch.h" />
    <ClInclude Include="Src\Manager\Effect\EffectBase.h" />
    <ClInclude Include="Src\Manager\Effect\EffectFactory.h" />
    <ClInclude Include="Src\Manager\Effect\EffectManager.h" />
    <ClInclude Include="Src\Manager\Effect\TackleMove\EffectTackleMove.h" />
    <ClInclude Include="Src\Object\Stage\Stage.h" />
    <ClInclude Include="Src\Object\Stage\StageTutrial\StageTutrial.h" />
    <ClInclude Include="Src\Object\Character\Jazz\Jazz.h" />
  </ItemGroup>
  <ItemGroup>
    <ClInclude Include="Src\Application\Application.h">
      <Filter>ヘッダー ファイル</Filter>
    </ClInclude>
    <ClInclude Include="Src\Common\Vector2.h">
      <Filter>ヘッダー ファイル</Filter>
    </ClInclude>
    <ClInclude Include="Src\Object\Common\AnimationController\AnimationController.h">
      <Filter>ヘッダー ファイル</Filter>
    </ClInclude>
    <ClInclude Include="Src\Manager\Camera\Camera.h">
      <Filter>ヘッダー ファイル</Filter>
    </ClInclude>
    <ClInclude Include="Src\Manager\FPS\FPS.h">
      <Filter>ヘッダー ファイル</Filter>
    </ClInclude>
    <ClInclude Include="Src\Manager\Input\KeyManager.h">
      <Filter>ヘッダー ファイル</Filter>
    </ClInclude>
    <ClInclude Include="Src\Manager\Loading\Loading.h">
      <Filter>ヘッダー ファイル</Filter>
    </ClInclude>
    <ClInclude Include="Src\Manager\Sound\SoundManager.h">
      <Filter>ヘッダー ファイル</Filter>
    </ClInclude>
    <ClInclude Include="Src\Scene\Game\GameScene.h">
      <Filter>ヘッダー ファイル</Filter>
    </ClInclude>
    <ClInclude Include="Src\Scene\SceneManager\SceneManager.h">
      <Filter>ヘッダー ファイル</Filter>
    </ClInclude>
    <ClInclude Include="Src\Scene\Title\TitleScene.h">
      <Filter>ヘッダー ファイル</Filter>
    </ClInclude>
    <ClInclude Include="Src\Scene\SceneBase.h">
      <Filter>ヘッダー ファイル</Filter>
    </ClInclude>
    <ClInclude Include="Src\Utility\Utility.h">
      <Filter>ヘッダー ファイル</Filter>
    </ClInclude>
    <ClInclude Include="Src\Scene\Title\End\EndScene.h">
      <Filter>ヘッダー ファイル</Filter>
    </ClInclude>
    <ClInclude Include="Src\Scene\Clear\ClearScene.h">
      <Filter>ヘッダー ファイル</Filter>
    </ClInclude>
    <ClInclude Include="Src\Scene\Game\Pause\GamePauseh.h">
      <Filter>ヘッダー ファイル</Filter>
    </ClInclude>
    <ClInclude Include="Src\Object\ActorBase.h">
      <Filter>ヘッダー ファイル</Filter>
    </ClInclude>
    <ClInclude Include="Src\Object\Common\Transform.h">
      <Filter>ヘッダー ファイル</Filter>
    </ClInclude>
    <ClInclude Include="Src\Object\Common\Collider\ColliderBase.h">
      <Filter>ヘッダー ファイル</Filter>
    </ClInclude>
    <ClInclude Include="Src\Common\Vector3.h">
      <Filter>ヘッダー ファイル</Filter>
    </ClInclude>
    <ClInclude Include="Src\Object\Common\Collider\LineCollider.h">
      <Filter>ヘッダー ファイル</Filter>
    </ClInclude>
    <ClInclude Include="Src\Manager\Collision\CollisionManager.h">
      <Filter>ヘッダー ファイル</Filter>
    </ClInclude>
    <ClInclude Include="Src\Object\Common\Collider\SphereCollider.h">
      <Filter>ヘッダー ファイル</Filter>
    </ClInclude>
    <ClInclude Include="Src\Object\Common\Collider\CapsuleCollider.h">
      <Filter>ヘッダー ファイル</Filter>
    </ClInclude>
    <ClInclude Include="Src\Object\Common\Collider\BoxCollider.h">
      <Filter>ヘッダー ファイル</Filter>
    </ClInclude>
    <ClInclude Include="Src\Object\Common\Collider\ModelCollider.h">
      <Filter>ヘッダー ファイル</Filter>
    </ClInclude>
    <ClInclude Include="Src\Manager\Camera\InstantCamera.h">
      <Filter>ヘッダー ファイル</Filter>
    </ClInclude>
    <ClInclude Include="Src\Scene\Common\GameDebugScene.h">
      <Filter>ヘッダー ファイル</Filter>
    </ClInclude>
    <ClInclude Include="Src\Manager\Input\InputTextManager.h">
      <Filter>ヘッダー ファイル</Filter>
    </ClInclude>
    <ClInclude Include="Src\Manager\Font\FontManager.h">
      <Filter>ヘッダー ファイル</Filter>
    </ClInclude>
    <ClInclude Include="Src\Scene\Common\Fade\FadeInScene.h">
      <Filter>ヘッダー ファイル</Filter>
    </ClInclude>
    <ClInclude Include="Src\Scene\Common\Fade\FadeOutScene.h">
      <Filter>ヘッダー ファイル</Filter>
    </ClInclude>
    <ClInclude Include="Src\Object\Common\DataLoad\ParameterLoad.h">
      <Filter>ヘッダー ファイル</Filter>
    </ClInclude>
    <ClInclude Include="Src\Object\Common\DebugObject\BoxDebugObject.h">
      <Filter>ヘッダー ファイル</Filter>
    </ClInclude>
  </ItemGroup>
</Project>