<?xml version="1.0" encoding="utf-8"?>
<Project ToolsVersion="4.0" xmlns="http://schemas.microsoft.com/developer/msbuild/2003">
  <ItemGroup>
    <ClCompile Include="Src\Application\Application.cpp" />
    <ClCompile Include="Src\Common\Vector2.cpp" />
    <ClCompile Include="Src\Common\Vector3.cpp" />
    <ClCompile Include="Src\main.cpp" />
    <ClCompile Include="Src\Manager\Font\FontManager.cpp" />
    <ClCompile Include="Src\Manager\Net\HostAddressProvider\HostAddressProvider.cpp" />
    <ClCompile Include="Src\Manager\Net\NetWorkManager.cpp" />
    <ClCompile Include="Src\Object\Common\AnimationController\AnimationController.cpp" />
    <ClCompile Include="Src\Manager\Collision\CollisionManager.cpp" />
    <ClCompile Include="Src\Manager\FPS\FPS.cpp" />
    <ClCompile Include="Src\Manager\Input\InputManager.cpp" />
    <ClCompile Include="Src\Manager\Loading\Loading.cpp" />
    <ClCompile Include="Src\Manager\Sound\SoundManager.cpp" />
    <ClCompile Include="Src\Object\Common\ActorBase\ActorBase.cpp" />
    <ClCompile Include="Src\Object\Common\CharacterBase\CharacterBase.cpp" />
    <ClCompile Include="Src\Object\Common\DataLoad\ParameterLoad.cpp" />
    <ClCompile Include="Src\Scene\GameClear\GameClearScene.cpp" />
    <ClCompile Include="Src\Scene\GameOver\GameOverScene.cpp" />
    <ClCompile Include="Src\Scene\Game\GameScene.cpp" />
    <ClCompile Include="Src\Scene\SceneManager.cpp" />
    <ClCompile Include="Src\Scene\Title\TitleScene.cpp" />
    <ClCompile Include="Src\Manager\Camera\CurrentCamera.cpp" />
    <ClCompile Include="Src\Scene\Common\Fade\Default\DefaultFadeScene.cpp" />
    <ClCompile Include="Src\Scene\Common\Fade\FadeSceneBase.cpp" />
    <ClCompile Include="Src\Scene\SceneBase.cpp" />
    <ClCompile Include="Src\Manager\Camera\Free\FreeCamera.cpp" />
    <ClCompile Include="Src\Manager\Camera\FollowRemote\FollowRemoteCamera.cpp" />
    <ClCompile Include="Src\Manager\Camera\FollowYaw\FollowYawCamera.cpp" />
    <ClCompile Include="Src\Manager\Camera\FollowAuto\FollowAutoCamera.cpp" />
    <ClCompile Include="Src\Manager\Camera\DisplayAuto\DisplayAutoCamera.cpp" />
    <ClCompile Include="Src\Manager\Camera\DisplayRemote\DisplayRemoteCamera.cpp" />
    <ClCompile Include="Src\Manager\Camera\MultifuncCamera\MultifuncCamera.cpp" />
    <ClCompile Include="Src\Manager\Camera\CameraBase.cpp" />
    <ClCompile Include="Src\Manager\Camera\CameraEvent\MoveCameraEvent\MoveCameraEvent.cpp" />
    <ClCompile Include="Src\Manager\Camera\CameraEvent\StartCameraEvent\StartCameraEvent.cpp" />
    <ClCompile Include="Src\Manager\Camera\CameraEvent\LookAtCameraEvent\LookAtCameraEvent.cpp" />
    <ClCompile Include="Src\Object\Common\Transform\Transform.cpp" />
    <ClCompile Include="Src\Object\Common\Collider\ColliderBase.cpp" />
    <ClCompile Include="Src\Common\Vector2I.cpp" />
    <ClCompile Include="Src\Object\Common\Collider\MeshCollider.cpp" />
    <ClCompile Include="Src\Manager\TimeScale\TimeScale.cpp" />
    <ClCompile Include="Src\Manager\Camera\CameraEvent\WaitCameraEvent\WaitCameraEvent.cpp" />
    <ClCompile Include="Src\Manager\Shader\ShaderResourceManager.cpp" />
    <ClCompile Include="Src\Object\Common\Shader\ShaderBase.cpp" />
    <ClCompile Include="Src\Object\Common\Shader\TestShader.cpp" />
    <ClCompile Include="Src\Object\Player\State\PlayerIdleState.cpp" />
    <ClCompile Include="Src\Object\Player\State\PlayerJumpState.cpp" />
    <ClCompile Include="Src\Object\Player\State\PlayerKickDownAttackState.cpp" />
    <ClCompile Include="Src\Object\Player\State\PlayerMoveState.cpp" />
    <ClCompile Include="Src\Object\Player\Wepon\PlayerKickDownAttackCollOperator.cpp" />
    <ClCompile Include="Src\Object\Player\Player.cpp" />
    <ClCompile Include="Src\Object\Common\Shader\DefaultShader.cpp" />
    <ClCompile Include="Src\Object\Common\Shader\RimLightShader.cpp" />
    <ClCompile Include="Src\Object\Common\Shader\WaterShader.cpp" />
    <ClCompile Include="Src\Scene\Common\PostEffect\PostEffectBase.cpp" />
    <ClCompile Include="Src\Scene\Common\PostEffect\GrayScalePostEffect\GrayScalePostEffect.cpp" />
    <ClCompile Include="Src\Scene\Common\PostEffect\CRTPostEffect\CRTPostEffect.cpp" />
    <ClCompile Include="Src\Scene\Common\PostEffect\FocusLinesPostEffect\FocusLinesPostEffect.cpp" />
    <ClCompile Include="Src\Object\Jazz\Jazz.cpp" />
    <ClCompile Include="Src\Object\TriggerUI\TriggerUI.cpp" />
    <ClCompile Include="Src\Object\Weapon\Asteroid\Asteroid.cpp" />
    <ClCompile Include="Src\Object\Weapon\Grasshopper\Grasshopper.cpp" />
    <ClCompile Include="Src\Object\Weapon\Kogetsu\Kogetsu.cpp" />
    <ClCompile Include="Src\Object\Weapon\Manager\ShooterManager.cpp" />
    <ClCompile Include="Src\Object\Weapon\Shield\Shield.cpp" />
    <ClCompile Include="Src\Object\Weapon\WeaponBase.cpp" />
  </ItemGroup>
  <ItemGroup>
    <ClInclude Include="Src\Application\resource.h" />
    <ClInclude Include="Src\Application\Application.h" />
    <ClInclude Include="Src\Common\Vector2.h" />
    <ClInclude Include="Src\Common\Vector3.h" />
    <ClInclude Include="Src\Manager\Collision\ChunkStDefine.h" />
    <ClInclude Include="Src\Manager\Font\FontManager.h" />
    <ClInclude Include="Src\Manager\Net\HostAddressProvider\HostAddressProvider.h" />
    <ClInclude Include="Src\Manager\Net\NetWorkDefine.h" />
    <ClInclude Include="Src\Manager\Net\NetWorkManager.h" />
    <ClInclude Include="Src\Manager\Net\SenderID_Define.h" />
    <ClInclude Include="Src\Object\Common\CharacterBase\CharacterStateBase.h" />
    <ClInclude Include="Src\Object\Common\DebugObject\CapsuleDebugObject.h" />
    <ClInclude Include="Src\Object\Common\DebugObject\DebugObjectBase.h" />
    <ClInclude Include="Src\Object\Common\DebugObject\SphereDebugObject.h" />
    <ClInclude Include="Src\Object\Common\AnimationController\AnimationController.h" />
    <ClInclude Include="Src\Manager\Collision\CollisionManager.h" />
    <ClInclude Include="Src\Manager\FPS\FPS.h" />
    <ClInclude Include="Src\Manager\Input\InputManager.h" />
    <ClInclude Include="Src\Manager\Loading\Loading.h" />
    <ClInclude Include="Src\Manager\Sound\SoundManager.h" />
    <ClInclude Include="Src\Object\Common\ActorBase\ActorBase.h" />
    <ClInclude Include="Src\Object\Common\CharacterBase\CharacterBase.h" />
    <ClInclude Include="Src\Object\Common\Collider\BoxCollider.h" />
    <ClInclude Include="Src\Object\Common\Collider\ColliderBase.h" />
    <ClInclude Include="Src\Object\Common\Collider\CapsuleCollider.h" />
    <ClInclude Include="Src\Object\Common\Collider\ColliderTagDefine.h" />
    <ClInclude Include="Src\Object\Common\Collider\LineCollider.h" />
    <ClInclude Include="Src\Object\Common\Collider\SphereCollider.h" />
    <ClInclude Include="Src\Object\Common\Collider\XZCircleCollider.h" />
    <ClInclude Include="Src\Object\Common\DataLoad\ParameterLoad.h" />
    <ClInclude Include="Src\Object\Common\DebugObject\BoxDebugObject.h" />
    <ClInclude Include="Src\Object\Common\Transform\Transform.h" />
    <ClInclude Include="Src\pch.h" />
    <ClInclude Include="Src\Scene\GameClear\GameClearScene.h" />
    <ClInclude Include="Src\Scene\GameOver\GameOverScene.h" />
    <ClInclude Include="Src\Scene\Game\GameScene.h" />
    <ClInclude Include="Src\Scene\Common\GameDebugScene.h" />
    <ClInclude Include="Src\Scene\Game\Pause\GamePauseh.h" />
    <ClInclude Include="Src\Scene\SceneBase.h" />
    <ClInclude Include="Src\Scene\SceneManager.h" />
    <ClInclude Include="Src\Scene\Title\TitleScene.h" />
    <ClInclude Include="Src\Utility\Utility.h" />
    <ClInclude Include="Src\Manager\Camera\CurrentCamera.h" />
    <ClInclude Include="Src\Scene\Common\Fade\Default\DefaultFadeScene.h" />
    <ClInclude Include="Src\Scene\Common\Fade\FadeDefine.h" />
    <ClInclude Include="Src\Scene\Common\Fade\FadeSceneBase.h" />
    <ClInclude Include="Src\Scene\ActorUseDefine.h" />
    <ClInclude Include="Src\Manager\Camera\CameraBase.h" />
    <ClInclude Include="Src\Manager\Camera\FixedPoint\FixedPointCamera.h" />
    <ClInclude Include="Src\Manager\Camera\Free\FreeCamera.h" />
    <ClInclude Include="Src\Manager\Camera\FollowRemote\FollowRemoteCamera.h" />
    <ClInclude Include="Src\Manager\Camera\FollowYaw\FollowYawCamera.h" />
    <ClInclude Include="Src\Manager\Camera\FollowAuto\FollowAutoCamera.h" />
    <ClInclude Include="Src\Manager\Camera\DisplayAuto\DisplayAutoCamera.h" />
    <ClInclude Include="Src\Manager\Camera\DisplayRemote\DisplayRemoteCamera.h" />
    <ClInclude Include="Src\Manager\Camera\MultifuncCamera\MultifuncCamera.h" />
    <ClInclude Include="Src\Manager\Camera\CameraEvent\CameraEventBase.h" />
    <ClInclude Include="Src\Manager\Camera\CameraEvent\MoveCameraEvent\MoveCameraEvent.h" />
    <ClInclude Include="Src\Manager\Camera\CameraEvent\StartCameraEvent\StartCameraEvent.h" />
    <ClInclude Include="Src\Manager\Camera\CameraEvent\WaitCameraEvent\WaitCameraEvent.h" />
    <ClInclude Include="Src\Manager\Camera\CameraEvent\LookAtCameraEvent\LookAtCameraEvent.h" />
    <ClInclude Include="Src\Common\Vector2I.h" />
    <ClInclude Include="Src\Object\Common\Collider\MeshCollider.h" />
    <ClInclude Include="Src\Object\Common\DebugObject\MeshDebugObject.h" />
    <ClInclude Include="Src\Manager\TimeScale\TimeScale.h" />
    <ClInclude Include="Src\Object\Common\ActorBase\ActorDrawTypeDefine.h" />
    <ClInclude Include="Src\Manager\Shader\ShaderResourceManager.h" />
    <ClInclude Include="Src\Manager\Shader\ShaderTypeDefine.h" />
    <ClInclude Include="Src\Object\Common\Shader\ShaderBase.h" />
    <ClInclude Include="Src\Object\Common\Shader\TestShader.h" />
    <ClInclude Include="Src\Object\Player\State\PlayerIdleState.h" />
    <ClInclude Include="Src\Object\Player\State\PlayerJumpState.h" />
    <ClInclude Include="Src\Object\Player\State\PlayerKickDownAttackState.h" />
    <ClInclude Include="Src\Object\Player\State\PlayerMoveState.h" />
    <ClInclude Include="Src\Object\Player\Wepon\PlayerKickDownAttackCollOperator.h" />
    <ClInclude Include="Src\Object\Player\Player.h" />
    <ClInclude Include="Src\Object\Common\Shader\DefaultShader.h" />
    <ClInclude Include="Src\Object\Common\Shader\RimLightShader.h" />
    <ClInclude Include="Src\Object\Common\Shader\WaterShader.h" />
    <ClInclude Include="Src\Object\Water.h" />
    <ClInclude Include="Src\Scene\Common\PostEffect\PostEffectBase.h" />
    <ClInclude Include="Src\Scene\Common\PostEffect\GrayScalePostEffect\GrayScalePostEffect.h" />
    <ClInclude Include="Src\Scene\Common\PostEffect\CRTPostEffect\CRTPostEffect.h" />
    <ClInclude Include="Src\Scene\Common\PostEffect\FocusLinesPostEffect\FocusLinesPostEffect.h" />
    <ClInclude Include="Src\Object\Jazz\Jazz.h" />
    <ClInclude Include="Src\Object\TriggerUI\TriggerUI.h" />
    <ClInclude Include="Src\Object\Common\AnimationController\CharacterAnimeTypeDefine.h" />
    <ClInclude Include="Src\Object\Weapon\Asteroid\Asteroid.h" />
    <ClInclude Include="Src\Object\Weapon\Grasshopper\Grasshopper.h" />
    <ClInclude Include="Src\Object\Weapon\Kogetsu\Kogetsu.h" />
    <ClInclude Include="Src\Object\Weapon\Manager\ShooterManager.h" />
    <ClInclude Include="Src\Object\Weapon\Shield\Shield.h" />
    <ClInclude Include="Src\Object\Weapon\WeaponBase.h" />
  </ItemGroup>
  <ItemGroup>
    <None Include="Src\Shader\Common\Pixel\ModelFog.hlsli" />
    <None Include="Src\Shader\Common\Pixel\ModelLighting.hlsli" />
    <None Include="Src\Shader\Common\Pixel\ModelPixelCommon.hlsli" />
    <None Include="Src\Shader\Common\Pixel\PixelShader3DHeader.hlsli" />
    <None Include="Src\Shader\Common\Vertex\CommonShader3DHeader.hlsli" />
    <None Include="Src\Shader\Common\Vertex\ModelVertexTransform.hlsli" />
    <None Include="Src\Shader\Common\Vertex\VertexInput.hlsli" />
    <None Include="Src\Shader\Common\Vertex\VertexInputType.hlsli" />
    <None Include="Src\Shader\Common\Vertex\VertexShader3DHeader.hlsli" />
    <None Include="Src\Shader\Common\VertexToPixelHeader.hlsli" />
    <None Include="Src\Shader\Depth\DepthVSBody.hlsli" />
    <None Include="Src\Shader\PostEffect\PostEffectHeader.hlsli" />
    <None Include="Src\Shader\RimLight\RimLightVSBody.hlsli" />
    <None Include="Src\Shader\Shadow\ShadowVSBody.hlsli" />
    <None Include="Src\Shader\Shadow\ShadowVSOutput.hlsli" />
    <None Include="Src\Shader\Default\DefaultVSBody.hlsli" />
  </ItemGroup>
  <ItemGroup>
    <FxCompile Include="Src\Shader\Depth\DepthPS.hlsl" />
    <FxCompile Include="Src\Shader\Depth\DepthVS_1Frame.hlsl" />
    <FxCompile Include="Src\Shader\Depth\DepthVS_4Frame.hlsl" />
    <FxCompile Include="Src\Shader\Depth\DepthVS_8Frame.hlsl" />
    <FxCompile Include="Src\Shader\Depth\DepthVS_NMap1Frame.hlsl" />
    <FxCompile Include="Src\Shader\Depth\DepthVS_NMap4Frame.hlsl" />
    <FxCompile Include="Src\Shader\Depth\DepthVS_NMap8Frame.hlsl" />
    <FxCompile Include="Src\Shader\PostEffect\Bloom\BrightPassPS.hlsl" />
    <FxCompile Include="Src\Shader\PostEffect\Bloom\CompositePS.hlsl" />
    <FxCompile Include="Src\Shader\PostEffect\Bloom\GaussianBlurHPS.hlsl" />
    <FxCompile Include="Src\Shader\PostEffect\Bloom\GaussianBlurVPS.hlsl" />
    <FxCompile Include="Src\Shader\PostEffect\ChromaticAberrationPS.hlsl" />
    <FxCompile Include="Src\Shader\PostEffect\CopyPS.hlsl" />
    <FxCompile Include="Src\Shader\PostEffect\CRT_PS.hlsl" />
    <FxCompile Include="Src\Shader\PostEffect\DamageFlashPS.hlsl" />
    <FxCompile Include="Src\Shader\PostEffect\FocusLinesPS.hlsl" />
    <FxCompile Include="Src\Shader\PostEffect\GrayScalePS.hlsl" />
    <FxCompile Include="Src\Shader\PostEffect\NegativePS.hlsl" />
    <FxCompile Include="Src\Shader\PostEffect\OldFilmPS.hlsl" />
    <FxCompile Include="Src\Shader\PostEffect\PixelatePS.hlsl" />
    <FxCompile Include="Src\Shader\PostEffect\PosterizePS.hlsl" />
    <FxCompile Include="Src\Shader\PostEffect\ScanNoisePS.hlsl" />
    <FxCompile Include="Src\Shader\PostEffect\SepiaPS.hlsl" />
    <FxCompile Include="Src\Shader\PostEffect\VignettePS.hlsl" />
    <FxCompile Include="Src\Shader\PostEffect\WavePS.hlsl" />
    <FxCompile Include="Src\Shader\RimLight\RimLightPS.hlsl" />
    <FxCompile Include="Src\Shader\RimLight\RimLightVS_1Frame.hlsl" />
    <FxCompile Include="Src\Shader\RimLight\RimLightVS_4Frame.hlsl" />
    <FxCompile Include="Src\Shader\RimLight\RimLightVS_8Frame.hlsl" />
    <FxCompile Include="Src\Shader\RimLight\RimLightVS_NMap1Frame.hlsl" />
    <FxCompile Include="Src\Shader\RimLight\RimLightVS_NMap4Frame.hlsl" />
    <FxCompile Include="Src\Shader\RimLight\RimLightVS_NMap8Frame.hlsl" />
    <FxCompile Include="Src\Shader\Shadow\ShadowPS.hlsl" />
    <FxCompile Include="Src\Shader\Shadow\ShadowVS_1Frame.hlsl" />
    <FxCompile Include="Src\Shader\Shadow\ShadowVS_4Frame.hlsl" />
    <FxCompile Include="Src\Shader\Shadow\ShadowVS_8Frame.hlsl" />
    <FxCompile Include="Src\Shader\Shadow\ShadowVS_NMap1Frame.hlsl" />
    <FxCompile Include="Src\Shader\Shadow\ShadowVS_NMap4Frame.hlsl" />
    <FxCompile Include="Src\Shader\Shadow\ShadowVS_NMap8Frame.hlsl" />
    <FxCompile Include="Src\Shader\Water\WaterPS.hlsl" />
    <FxCompile Include="Src\Shader\Water\WaterVS.hlsl" />
    <FxCompile Include="Src\Shader\Default\DefaultPS.hlsl" />
    <FxCompile Include="Src\Shader\Default\DefaultVS_1Frame.hlsl" />
    <FxCompile Include="Src\Shader\Default\DefaultVS_4Frame.hlsl" />
    <FxCompile Include="Src\Shader\Default\DefaultVS_8Frame.hlsl" />
    <FxCompile Include="Src\Shader\Default\DefaultVS_NMap1Frame.hlsl" />
    <FxCompile Include="Src\Shader\Default\DefaultVS_NMap4Frame.hlsl" />
    <FxCompile Include="Src\Shader\Default\DefaultVS_NMap8Frame.hlsl" />
  </ItemGroup>
</Project>